
Microsoft Visual Studio Solution File, Format Version 12.00
# Visual Studio Version 17
VisualStudioVersion = 17.6.33815.320
MinimumVisualStudioVersion = 10.0.40219.1
Project("{2150E333-8FDC-42A3-9474-1A3956D46DE8}") = "src", "src", "{9AF22CF4-6CDF-46F7-B1D1-1070A09AB099}"
EndProject
Project("{2150E333-8FDC-42A3-9474-1A3956D46DE8}") = "client", "client", "{EAE230B1-933B-4583-9EB5-05065B7A151B}"
	ProjectSection(SolutionItems) = preProject
		src\client\STgenetics.Farm.Client\Dockerfile = src\client\STgenetics.Farm.Client\Dockerfile
	EndProjectSection
EndProject
Project("{2150E333-8FDC-42A3-9474-1A3956D46DE8}") = "server", "server", "{B21FD52F-A8A5-4FA2-ADF4-8E40086E133A}"
EndProject
Project("{9A19103F-16F7-4668-BE54-9A1E7A4F7556}") = "STgenetics.Farm.Domain", "src\server\STgenetics.Farm.Domain\STgenetics.Farm.Domain.csproj", "{E25810C5-F07D-4045-A3E5-82014869EF65}"
EndProject
Project("{9A19103F-16F7-4668-BE54-9A1E7A4F7556}") = "STgenetics.Farm.Infrastructure", "src\server\STgenetics.Farm.Infrastructure\STgenetics.Farm.Infrastructure.csproj", "{83DCCF6C-9B80-4F64-BC8C-6C10910304F5}"
EndProject
Project("{9A19103F-16F7-4668-BE54-9A1E7A4F7556}") = "STgenetics.Farm.WebApi", "src\server\STgenetics.Farm.WebApi\STgenetics.Farm.WebApi.csproj", "{38BD8188-E639-421E-A78F-3B9C0C583908}"
EndProject
Project("{9A19103F-16F7-4668-BE54-9A1E7A4F7556}") = "STgenetics.Farm.Application", "src\server\STgenetics.Farm.Application\STgenetics.Farm.Application.csproj", "{4CABFDA1-9183-4A80-9339-34BB64B9284F}"
EndProject
Project("{9A19103F-16F7-4668-BE54-9A1E7A4F7556}") = "STgenetics.Farm.Client", "src\client\STgenetics.Farm.Client\STgenetics.Farm.Client.csproj", "{569CDE1F-846C-4262-9623-8388AF3B7BD4}"
EndProject
Global
	GlobalSection(SolutionConfigurationPlatforms) = preSolution
		Debug|Any CPU = Debug|Any CPU
		Release|Any CPU = Release|Any CPU
	EndGlobalSection
	GlobalSection(ProjectConfigurationPlatforms) = postSolution
		{E25810C5-F07D-4045-A3E5-82014869EF65}.Debug|Any CPU.ActiveCfg = Debug|Any CPU
		{E25810C5-F07D-4045-A3E5-82014869EF65}.Debug|Any CPU.Build.0 = Debug|Any CPU
		{E25810C5-F07D-4045-A3E5-82014869EF65}.Release|Any CPU.ActiveCfg = Release|Any CPU
		{E25810C5-F07D-4045-A3E5-82014869EF65}.Release|Any CPU.Build.0 = Release|Any CPU
		{83DCCF6C-9B80-4F64-BC8C-6C10910304F5}.Debug|Any CPU.ActiveCfg = Debug|Any CPU
		{83DCCF6C-9B80-4F64-BC8C-6C10910304F5}.Debug|Any CPU.Build.0 = Debug|Any CPU
		{83DCCF6C-9B80-4F64-BC8C-6C10910304F5}.Release|Any CPU.ActiveCfg = Release|Any CPU
		{83DCCF6C-9B80-4F64-BC8C-6C10910304F5}.Release|Any CPU.Build.0 = Release|Any CPU
		{38BD8188-E639-421E-A78F-3B9C0C583908}.Debug|Any CPU.ActiveCfg = Debug|Any CPU
		{38BD8188-E639-421E-A78F-3B9C0C583908}.Debug|Any CPU.Build.0 = Debug|Any CPU
		{38BD8188-E639-421E-A78F-3B9C0C583908}.Release|Any CPU.ActiveCfg = Release|Any CPU
		{38BD8188-E639-421E-A78F-3B9C0C583908}.Release|Any CPU.Build.0 = Release|Any CPU
		{4CABFDA1-9183-4A80-9339-34BB64B9284F}.Debug|Any CPU.ActiveCfg = Debug|Any CPU
		{4CABFDA1-9183-4A80-9339-34BB64B9284F}.Debug|Any CPU.Build.0 = Debug|Any CPU
		{4CABFDA1-9183-4A80-9339-34BB64B9284F}.Release|Any CPU.ActiveCfg = Release|Any CPU
		{4CABFDA1-9183-4A80-9339-34BB64B9284F}.Release|Any CPU.Build.0 = Release|Any CPU
		{569CDE1F-846C-4262-9623-8388AF3B7BD4}.Debug|Any CPU.ActiveCfg = Debug|Any CPU
		{569CDE1F-846C-4262-9623-8388AF3B7BD4}.Debug|Any CPU.Build.0 = Debug|Any CPU
		{569CDE1F-846C-4262-9623-8388AF3B7BD4}.Release|Any CPU.ActiveCfg = Release|Any CPU
		{569CDE1F-846C-4262-9623-8388AF3B7BD4}.Release|Any CPU.Build.0 = Release|Any CPU
	EndGlobalSection
	GlobalSection(SolutionProperties) = preSolution
		HideSolutionNode = FALSE
	EndGlobalSection
	GlobalSection(NestedProjects) = preSolution
		{EAE230B1-933B-4583-9EB5-05065B7A151B} = {9AF22CF4-6CDF-46F7-B1D1-1070A09AB099}
		{B21FD52F-A8A5-4FA2-ADF4-8E40086E133A} = {9AF22CF4-6CDF-46F7-B1D1-1070A09AB099}
		{E25810C5-F07D-4045-A3E5-82014869EF65} = {B21FD52F-A8A5-4FA2-ADF4-8E40086E133A}
		{83DCCF6C-9B80-4F64-BC8C-6C10910304F5} = {B21FD52F-A8A5-4FA2-ADF4-8E40086E133A}
		{38BD8188-E639-421E-A78F-3B9C0C583908} = {B21FD52F-A8A5-4FA2-ADF4-8E40086E133A}
		{4CABFDA1-9183-4A80-9339-34BB64B9284F} = {B21FD52F-A8A5-4FA2-ADF4-8E40086E133A}
		{569CDE1F-846C-4262-9623-8388AF3B7BD4} = {EAE230B1-933B-4583-9EB5-05065B7A151B}
	EndGlobalSection
	GlobalSection(ExtensibilityGlobals) = postSolution
		SolutionGuid = {395FDF5F-CEF4-4502-84DF-0ECCE5EC8D0F}
	EndGlobalSection
EndGlobal
